// !$*UTF8*$!
{
	archiveVersion = 1;
	classes = {
	};
	objectVersion = 46;
	objects = {

/* Begin PBXBuildFile section */
		2204C77815E27E5600F71E15 /* ECAnalyticsBackEnd.h in Headers */ = {isa = PBXBuildFile; fileRef = 2204C76115E27E5600F71E15 /* ECAnalyticsBackEnd.h */; settings = {ATTRIBUTES = (Public, ); }; };
		2204C77915E27E5600F71E15 /* ECAnalyticsBackEnd.m in Sources */ = {isa = PBXBuildFile; fileRef = 2204C76215E27E5600F71E15 /* ECAnalyticsBackEnd.m */; };
		2204C77E15E27E5600F71E15 /* ECAnalyticsBackEndLogging.h in Headers */ = {isa = PBXBuildFile; fileRef = 2204C76715E27E5600F71E15 /* ECAnalyticsBackEndLogging.h */; settings = {ATTRIBUTES = (Public, ); }; };
		2204C77F15E27E5600F71E15 /* ECAnalyticsBackEndLogging.m in Sources */ = {isa = PBXBuildFile; fileRef = 2204C76815E27E5600F71E15 /* ECAnalyticsBackEndLogging.m */; };
		2204C78015E27E5600F71E15 /* ECAnalyticsBackEndNull.h in Headers */ = {isa = PBXBuildFile; fileRef = 2204C76915E27E5600F71E15 /* ECAnalyticsBackEndNull.h */; settings = {ATTRIBUTES = (Public, ); }; };
		2204C78115E27E5600F71E15 /* ECAnalyticsBackEndNull.m in Sources */ = {isa = PBXBuildFile; fileRef = 2204C76A15E27E5600F71E15 /* ECAnalyticsBackEndNull.m */; };
		2204C78615E27E5600F71E15 /* ECAnalyticsEngine.h in Headers */ = {isa = PBXBuildFile; fileRef = 2204C76F15E27E5600F71E15 /* ECAnalyticsEngine.h */; settings = {ATTRIBUTES = (Public, ); }; };
		2204C78715E27E5600F71E15 /* ECAnalyticsEngine.m in Sources */ = {isa = PBXBuildFile; fileRef = 2204C77015E27E5600F71E15 /* ECAnalyticsEngine.m */; };
		2204C78815E27E5600F71E15 /* ECAnalyticsEvent.h in Headers */ = {isa = PBXBuildFile; fileRef = 2204C77115E27E5600F71E15 /* ECAnalyticsEvent.h */; settings = {ATTRIBUTES = (Public, ); }; };
		2204C78915E27E5600F71E15 /* ECAnalyticsEvent.m in Sources */ = {isa = PBXBuildFile; fileRef = 2204C77215E27E5600F71E15 /* ECAnalyticsEvent.m */; };
		2204C78A15E27E5600F71E15 /* ECAnalyticsEventTarget.h in Headers */ = {isa = PBXBuildFile; fileRef = 2204C77315E27E5600F71E15 /* ECAnalyticsEventTarget.h */; settings = {ATTRIBUTES = (Public, ); }; };
		2204C78B15E27E5600F71E15 /* ECAnalyticsLogging.h in Headers */ = {isa = PBXBuildFile; fileRef = 2204C77415E27E5600F71E15 /* ECAnalyticsLogging.h */; settings = {ATTRIBUTES = (Public, ); }; };
		2204C78C15E27E5600F71E15 /* ECAnalyticsLogging.m in Sources */ = {isa = PBXBuildFile; fileRef = 2204C77515E27E5600F71E15 /* ECAnalyticsLogging.m */; };
		2204C78D15E27E5600F71E15 /* ECAnalyticsStandardKeys.h in Headers */ = {isa = PBXBuildFile; fileRef = 2204C77615E27E5600F71E15 /* ECAnalyticsStandardKeys.h */; settings = {ATTRIBUTES = (Public, ); }; };
		2204C78E15E27E5600F71E15 /* ECAnalyticsStandardKeys.m in Sources */ = {isa = PBXBuildFile; fileRef = 2204C77715E27E5600F71E15 /* ECAnalyticsStandardKeys.m */; };
		2229E53E175CE5B7001ADD91 /* ECAnalytics.h in Headers */ = {isa = PBXBuildFile; fileRef = 2229E53D175CE5B7001ADD91 /* ECAnalytics.h */; settings = {ATTRIBUTES = (Public, ); }; };
		22339C3915DEC1C60017BC6B /* ECAnalytics.framework in Frameworks */ = {isa = PBXBuildFile; fileRef = 2251BA1215DBCC4A00F2FE40 /* ECAnalytics.framework */; };
		22339C3A15DEC1E30017BC6B /* ECUnitTests.framework in Frameworks */ = {isa = PBXBuildFile; fileRef = 2251BBA615DC18ED00F2FE40 /* ECUnitTests.framework */; };
		224CA8EB1792CB54007369FA /* ECAnalyticsTests.m in Sources */ = {isa = PBXBuildFile; fileRef = 224CA8EA1792CB54007369FA /* ECAnalyticsTests.m */; };
		2274B38E14F56896003B8A0B /* SenTestingKit.framework in Frameworks */ = {isa = PBXBuildFile; fileRef = 2283A3CD14F52E93009142F7 /* SenTestingKit.framework */; };
		2274B39014F56896003B8A0B /* UIKit.framework in Frameworks */ = {isa = PBXBuildFile; fileRef = 2274B38F14F56896003B8A0B /* UIKit.framework */; };
		2274B39114F56896003B8A0B /* Foundation.framework in Frameworks */ = {isa = PBXBuildFile; fileRef = 2237ECE314F5644C00085BF5 /* Foundation.framework */; };
/* End PBXBuildFile section */

/* Begin PBXFileReference section */
		0867D69BFE84028FC02AAC07 /* Foundation.framework */ = {isa = PBXFileReference; lastKnownFileType = wrapper.framework; name = Foundation.framework; path = /System/Library/Frameworks/Foundation.framework; sourceTree = "<absolute>"; };
		1058C7B1FEA5585E11CA2CBB /* Cocoa.framework */ = {isa = PBXFileReference; lastKnownFileType = wrapper.framework; name = Cocoa.framework; path = /System/Library/Frameworks/Cocoa.framework; sourceTree = "<absolute>"; };
		2204C5EC15E1536200F71E15 /* ECCore.framework */ = {isa = PBXFileReference; lastKnownFileType = wrapper.framework; name = ECCore.framework; path = "/Caches/DerivedData/ECIntegration-fbajcwyruhnhxzgnphlhxaexutkp/Build/Products/Debug/ECCore.framework"; sourceTree = "<absolute>"; };
		2204C5ED15E1536200F71E15 /* ECLogging.framework */ = {isa = PBXFileReference; lastKnownFileType = wrapper.framework; name = ECLogging.framework; path = "/Caches/DerivedData/ECIntegration-fbajcwyruhnhxzgnphlhxaexutkp/Build/Products/Debug/ECLogging.framework"; sourceTree = "<absolute>"; };
		2204C76115E27E5600F71E15 /* ECAnalyticsBackEnd.h */ = {isa = PBXFileReference; fileEncoding = 4; lastKnownFileType = sourcecode.c.h; path = ECAnalyticsBackEnd.h; sourceTree = "<group>"; };
		2204C76215E27E5600F71E15 /* ECAnalyticsBackEnd.m */ = {isa = PBXFileReference; fileEncoding = 4; lastKnownFileType = sourcecode.c.objc; path = ECAnalyticsBackEnd.m; sourceTree = "<group>"; };
		2204C76715E27E5600F71E15 /* ECAnalyticsBackEndLogging.h */ = {isa = PBXFileReference; fileEncoding = 4; lastKnownFileType = sourcecode.c.h; path = ECAnalyticsBackEndLogging.h; sourceTree = "<group>"; };
		2204C76815E27E5600F71E15 /* ECAnalyticsBackEndLogging.m */ = {isa = PBXFileReference; fileEncoding = 4; lastKnownFileType = sourcecode.c.objc; path = ECAnalyticsBackEndLogging.m; sourceTree = "<group>"; };
		2204C76915E27E5600F71E15 /* ECAnalyticsBackEndNull.h */ = {isa = PBXFileReference; fileEncoding = 4; lastKnownFileType = sourcecode.c.h; path = ECAnalyticsBackEndNull.h; sourceTree = "<group>"; };
		2204C76A15E27E5600F71E15 /* ECAnalyticsBackEndNull.m */ = {isa = PBXFileReference; fileEncoding = 4; lastKnownFileType = sourcecode.c.objc; path = ECAnalyticsBackEndNull.m; sourceTree = "<group>"; };
		2204C76F15E27E5600F71E15 /* ECAnalyticsEngine.h */ = {isa = PBXFileReference; fileEncoding = 4; lastKnownFileType = sourcecode.c.h; path = ECAnalyticsEngine.h; sourceTree = "<group>"; };
		2204C77015E27E5600F71E15 /* ECAnalyticsEngine.m */ = {isa = PBXFileReference; fileEncoding = 4; lastKnownFileType = sourcecode.c.objc; path = ECAnalyticsEngine.m; sourceTree = "<group>"; };
		2204C77115E27E5600F71E15 /* ECAnalyticsEvent.h */ = {isa = PBXFileReference; fileEncoding = 4; lastKnownFileType = sourcecode.c.h; path = ECAnalyticsEvent.h; sourceTree = "<group>"; };
		2204C77215E27E5600F71E15 /* ECAnalyticsEvent.m */ = {isa = PBXFileReference; fileEncoding = 4; lastKnownFileType = sourcecode.c.objc; path = ECAnalyticsEvent.m; sourceTree = "<group>"; };
		2204C77315E27E5600F71E15 /* ECAnalyticsEventTarget.h */ = {isa = PBXFileReference; fileEncoding = 4; lastKnownFileType = sourcecode.c.h; path = ECAnalyticsEventTarget.h; sourceTree = "<group>"; };
		2204C77415E27E5600F71E15 /* ECAnalyticsLogging.h */ = {isa = PBXFileReference; fileEncoding = 4; lastKnownFileType = sourcecode.c.h; path = ECAnalyticsLogging.h; sourceTree = "<group>"; };
		2204C77515E27E5600F71E15 /* ECAnalyticsLogging.m */ = {isa = PBXFileReference; fileEncoding = 4; lastKnownFileType = sourcecode.c.objc; path = ECAnalyticsLogging.m; sourceTree = "<group>"; };
		2204C77615E27E5600F71E15 /* ECAnalyticsStandardKeys.h */ = {isa = PBXFileReference; fileEncoding = 4; lastKnownFileType = sourcecode.c.h; path = ECAnalyticsStandardKeys.h; sourceTree = "<group>"; };
		2204C77715E27E5600F71E15 /* ECAnalyticsStandardKeys.m */ = {isa = PBXFileReference; fileEncoding = 4; lastKnownFileType = sourcecode.c.objc; path = ECAnalyticsStandardKeys.m; sourceTree = "<group>"; };
		2229674F1354EDC5005F42E7 /* CoreFoundation.framework */ = {isa = PBXFileReference; lastKnownFileType = wrapper.framework; name = CoreFoundation.framework; path = System/Library/Frameworks/CoreFoundation.framework; sourceTree = SDKROOT; };
		2229E53D175CE5B7001ADD91 /* ECAnalytics.h */ = {isa = PBXFileReference; fileEncoding = 4; lastKnownFileType = sourcecode.c.h; path = ECAnalytics.h; sourceTree = "<group>"; };
		2229E550175CF4C8001ADD91 /* ECAnalyticsBackEndTestflight.m */ = {isa = PBXFileReference; lastKnownFileType = sourcecode.c.objc; path = ECAnalyticsBackEndTestflight.m; sourceTree = "<group>"; };
		2229E551175CF4C8001ADD91 /* ECAnalyticsBackEndCrashlytics.h */ = {isa = PBXFileReference; lastKnownFileType = sourcecode.c.h; path = ECAnalyticsBackEndCrashlytics.h; sourceTree = "<group>"; };
		2229E552175CF4C8001ADD91 /* ECAnalyticsBackEndCrashlytics.m */ = {isa = PBXFileReference; lastKnownFileType = sourcecode.c.objc; path = ECAnalyticsBackEndCrashlytics.m; sourceTree = "<group>"; };
		2229E553175CF4C8001ADD91 /* ECAnalyticsBackEndFlurry.h */ = {isa = PBXFileReference; lastKnownFileType = sourcecode.c.h; path = ECAnalyticsBackEndFlurry.h; sourceTree = "<group>"; };
		2229E554175CF4C8001ADD91 /* ECAnalyticsBackEndFlurry.m */ = {isa = PBXFileReference; lastKnownFileType = sourcecode.c.objc; path = ECAnalyticsBackEndFlurry.m; sourceTree = "<group>"; };
		2229E555175CF4C8001ADD91 /* ECAnalyticsBackEndTestflight.h */ = {isa = PBXFileReference; lastKnownFileType = sourcecode.c.h; path = ECAnalyticsBackEndTestflight.h; sourceTree = "<group>"; };
		2229E556175CF4C8001ADD91 /* ECAnalyticsBackEndWebtrends.h */ = {isa = PBXFileReference; lastKnownFileType = sourcecode.c.h; path = ECAnalyticsBackEndWebtrends.h; sourceTree = "<group>"; };
		2229E557175CF4C8001ADD91 /* ECAnalyticsBackEndWebtrends.m */ = {isa = PBXFileReference; lastKnownFileType = sourcecode.c.objc; path = ECAnalyticsBackEndWebtrends.m; sourceTree = "<group>"; };
		2237ECE314F5644C00085BF5 /* Foundation.framework */ = {isa = PBXFileReference; lastKnownFileType = wrapper.framework; name = Foundation.framework; path = System/Library/Frameworks/Foundation.framework; sourceTree = SDKROOT; };
		223CBAE61205C6380008A641 /* Foundation.framework */ = {isa = PBXFileReference; lastKnownFileType = wrapper.framework; name = Foundation.framework; path = System/Library/Frameworks/Foundation.framework; sourceTree = SDKROOT; };
		224CA8EA1792CB54007369FA /* ECAnalyticsTests.m */ = {isa = PBXFileReference; fileEncoding = 4; lastKnownFileType = sourcecode.c.objc; path = ECAnalyticsTests.m; sourceTree = "<group>"; };
		2251BA1215DBCC4A00F2FE40 /* ECAnalytics.framework */ = {isa = PBXFileReference; explicitFileType = wrapper.cfbundle; includeInIndex = 0; path = ECAnalytics.framework; sourceTree = BUILT_PRODUCTS_DIR; };
		2251BA1315DBCC4A00F2FE40 /* CoreFoundation.framework */ = {isa = PBXFileReference; lastKnownFileType = wrapper.framework; name = CoreFoundation.framework; path = System/Library/Frameworks/CoreFoundation.framework; sourceTree = SDKROOT; };
		2251BA4315DBCD3900F2FE40 /* IOSDebug.xcconfig */ = {isa = PBXFileReference; lastKnownFileType = text.xcconfig; path = IOSDebug.xcconfig; sourceTree = "<group>"; };
		2251BA4415DBCD3900F2FE40 /* IOSRelease.xcconfig */ = {isa = PBXFileReference; lastKnownFileType = text.xcconfig; path = IOSRelease.xcconfig; sourceTree = "<group>"; };
		2251BA5C15DBD68500F2FE40 /* IOSUnitTestDebug.xcconfig */ = {isa = PBXFileReference; lastKnownFileType = text.xcconfig; path = IOSUnitTestDebug.xcconfig; sourceTree = "<group>"; };
		2251BA5D15DBD68500F2FE40 /* IOSUnitTestRelease.xcconfig */ = {isa = PBXFileReference; lastKnownFileType = text.xcconfig; path = IOSUnitTestRelease.xcconfig; sourceTree = "<group>"; };
		2251BA6C15DBDA5100F2FE40 /* Info.plist */ = {isa = PBXFileReference; fileEncoding = 4; lastKnownFileType = text.plist.xml; path = Info.plist; sourceTree = "<group>"; };
		2251BBA615DC18ED00F2FE40 /* ECUnitTests.framework */ = {isa = PBXFileReference; lastKnownFileType = wrapper.framework; path = ECUnitTests.framework; sourceTree = BUILT_PRODUCTS_DIR; };
		2251BBAD15DC1B4E00F2FE40 /* ECConfig.framework */ = {isa = PBXFileReference; lastKnownFileType = wrapper.framework; path = ECConfig.framework; sourceTree = BUILT_PRODUCTS_DIR; };
		22552BC7134B9E5300B8894E /* UIKit.framework */ = {isa = PBXFileReference; lastKnownFileType = wrapper.framework; name = UIKit.framework; path = System/Library/Frameworks/UIKit.framework; sourceTree = SDKROOT; };
		22552BC9134B9E5300B8894E /* Foundation.framework */ = {isa = PBXFileReference; lastKnownFileType = wrapper.framework; name = Foundation.framework; path = System/Library/Frameworks/Foundation.framework; sourceTree = SDKROOT; };
		22552BCB134B9E5300B8894E /* CoreGraphics.framework */ = {isa = PBXFileReference; lastKnownFileType = wrapper.framework; name = CoreGraphics.framework; path = System/Library/Frameworks/CoreGraphics.framework; sourceTree = SDKROOT; };
		22552BE6134BA0C900B8894E /* CoreLocation.framework */ = {isa = PBXFileReference; lastKnownFileType = wrapper.framework; name = CoreLocation.framework; path = Platforms/iPhoneOS.platform/Developer/SDKs/iPhoneOS4.3.sdk/System/Library/Frameworks/CoreLocation.framework; sourceTree = DEVELOPER_DIR; };
		22552C12134BA18A00B8894E /* CoreLocation.framework */ = {isa = PBXFileReference; lastKnownFileType = wrapper.framework; name = CoreLocation.framework; path = SDKs/MacOSX10.6.sdk/System/Library/Frameworks/CoreLocation.framework; sourceTree = DEVELOPER_DIR; };
		22602234141F8A160044644C /* Carbon.framework */ = {isa = PBXFileReference; lastKnownFileType = wrapper.framework; name = Carbon.framework; path = SDKs/MacOSX10.7.sdk/System/Library/Frameworks/Carbon.framework; sourceTree = DEVELOPER_DIR; };
		22602236141F8A230044644C /* IOKit.framework */ = {isa = PBXFileReference; lastKnownFileType = wrapper.framework; name = IOKit.framework; path = SDKs/MacOSX10.7.sdk/System/Library/Frameworks/IOKit.framework; sourceTree = DEVELOPER_DIR; };
		22602238141F8A460044644C /* Security.framework */ = {isa = PBXFileReference; lastKnownFileType = wrapper.framework; name = Security.framework; path = SDKs/MacOSX10.7.sdk/System/Library/Frameworks/Security.framework; sourceTree = DEVELOPER_DIR; };
		2260223A141F8A4E0044644C /* libcrypto.dylib */ = {isa = PBXFileReference; lastKnownFileType = "compiled.mach-o.dylib"; name = libcrypto.dylib; path = SDKs/MacOSX10.7.sdk/usr/lib/libcrypto.dylib; sourceTree = DEVELOPER_DIR; };
		227333B811EBBA3000695FB4 /* GHUnit.framework */ = {isa = PBXFileReference; lastKnownFileType = wrapper.framework; name = GHUnit.framework; path = Library/Frameworks/GHUnit.framework; sourceTree = SDKROOT; };
		2274B37814F56679003B8A0B /* ECAnalyticsTests.plist */ = {isa = PBXFileReference; fileEncoding = 4; lastKnownFileType = text.plist.xml; path = ECAnalyticsTests.plist; sourceTree = "<group>"; };
		2274B38D14F56896003B8A0B /* ECAnalyticsIOSTests.xctest */ = {isa = PBXFileReference; explicitFileType = wrapper.cfbundle; includeInIndex = 0; path = ECAnalyticsIOSTests.xctest; sourceTree = BUILT_PRODUCTS_DIR; };
		2274B38F14F56896003B8A0B /* UIKit.framework */ = {isa = PBXFileReference; lastKnownFileType = wrapper.framework; name = UIKit.framework; path = Library/Frameworks/UIKit.framework; sourceTree = DEVELOPER_DIR; };
		2283A3BB14F52E93009142F7 /* Cocoa.framework */ = {isa = PBXFileReference; lastKnownFileType = wrapper.framework; name = Cocoa.framework; path = System/Library/Frameworks/Cocoa.framework; sourceTree = SDKROOT; };
		2283A3BE14F52E93009142F7 /* AppKit.framework */ = {isa = PBXFileReference; lastKnownFileType = wrapper.framework; name = AppKit.framework; path = System/Library/Frameworks/AppKit.framework; sourceTree = SDKROOT; };
		2283A3BF14F52E93009142F7 /* CoreData.framework */ = {isa = PBXFileReference; lastKnownFileType = wrapper.framework; name = CoreData.framework; path = System/Library/Frameworks/CoreData.framework; sourceTree = SDKROOT; };
		2283A3C014F52E93009142F7 /* Foundation.framework */ = {isa = PBXFileReference; lastKnownFileType = wrapper.framework; name = Foundation.framework; path = System/Library/Frameworks/Foundation.framework; sourceTree = SDKROOT; };
		2283A3CD14F52E93009142F7 /* SenTestingKit.framework */ = {isa = PBXFileReference; lastKnownFileType = wrapper.framework; name = SenTestingKit.framework; path = Library/Frameworks/SenTestingKit.framework; sourceTree = DEVELOPER_DIR; };
		2283A4CB14F53C6F009142F7 /* ECAnalyticsShared.pch */ = {isa = PBXFileReference; fileEncoding = 4; lastKnownFileType = sourcecode.c.h; path = ECAnalyticsShared.pch; sourceTree = "<group>"; };
		22970D3C14F5AA80007B254B /* ECAnalyticsDebug.pch */ = {isa = PBXFileReference; fileEncoding = 4; lastKnownFileType = sourcecode.c.h; path = ECAnalyticsDebug.pch; sourceTree = "<group>"; };
		22970D3D14F5AA80007B254B /* ECAnalyticsRelease.pch */ = {isa = PBXFileReference; fileEncoding = 4; lastKnownFileType = sourcecode.c.h; path = ECAnalyticsRelease.pch; sourceTree = "<group>"; };
		22BE50B8149662D0007CC214 /* CoreText.framework */ = {isa = PBXFileReference; lastKnownFileType = wrapper.framework; name = CoreText.framework; path = Platforms/iPhoneOS.platform/Developer/SDKs/iPhoneOS5.1.sdk/System/Library/Frameworks/CoreText.framework; sourceTree = DEVELOPER_DIR; };
		22BE51331496BD00007CC214 /* CoreData.framework */ = {isa = PBXFileReference; lastKnownFileType = wrapper.framework; name = CoreData.framework; path = Platforms/iPhoneOS.platform/Developer/SDKs/iPhoneOS5.1.sdk/System/Library/Frameworks/CoreData.framework; sourceTree = DEVELOPER_DIR; };
		22BE51351496BD25007CC214 /* QuartzCore.framework */ = {isa = PBXFileReference; lastKnownFileType = wrapper.framework; name = QuartzCore.framework; path = Platforms/iPhoneOS.platform/Developer/SDKs/iPhoneOS5.1.sdk/System/Library/Frameworks/QuartzCore.framework; sourceTree = DEVELOPER_DIR; };
		22EC40A61358A0D1005C1F1A /* SystemConfiguration.framework */ = {isa = PBXFileReference; lastKnownFileType = wrapper.framework; name = SystemConfiguration.framework; path = SDKs/MacOSX10.6.sdk/System/Library/Frameworks/SystemConfiguration.framework; sourceTree = DEVELOPER_DIR; };
		22FAC46C132149E900103630 /* CoreLocation.framework */ = {isa = PBXFileReference; lastKnownFileType = wrapper.framework; name = CoreLocation.framework; path = SDKs/MacOSX10.6.sdk/System/Library/Frameworks/CoreLocation.framework; sourceTree = DEVELOPER_DIR; };
/* End PBXFileReference section */

/* Begin PBXFrameworksBuildPhase section */
		2251BA0F15DBCC4A00F2FE40 /* Frameworks */ = {
			isa = PBXFrameworksBuildPhase;
			buildActionMask = 2147483647;
			files = (
			);
			runOnlyForDeploymentPostprocessing = 0;
		};
		2274B38914F56896003B8A0B /* Frameworks */ = {
			isa = PBXFrameworksBuildPhase;
			buildActionMask = 2147483647;
			files = (
				22339C3A15DEC1E30017BC6B /* ECUnitTests.framework in Frameworks */,
				22339C3915DEC1C60017BC6B /* ECAnalytics.framework in Frameworks */,
				2274B38E14F56896003B8A0B /* SenTestingKit.framework in Frameworks */,
				2274B39014F56896003B8A0B /* UIKit.framework in Frameworks */,
				2274B39114F56896003B8A0B /* Foundation.framework in Frameworks */,
			);
			runOnlyForDeploymentPostprocessing = 0;
		};
/* End PBXFrameworksBuildPhase section */

/* Begin PBXGroup section */
		034768DFFF38A50411DB9C8B /* Products */ = {
			isa = PBXGroup;
			children = (
				2274B38D14F56896003B8A0B /* ECAnalyticsIOSTests.xctest */,
				2251BA1215DBCC4A00F2FE40 /* ECAnalytics.framework */,
			);
			name = Products;
			path = ../..;
			sourceTree = BUILT_PRODUCTS_DIR;
		};
		0867D691FE84028FC02AAC07 /* ECFoundation */ = {
			isa = PBXGroup;
			children = (
				22BBB10114F646D20086974D /* Source */,
				2274B37714F56679003B8A0B /* Resources */,
				0867D69AFE84028FC02AAC07 /* Frameworks */,
				034768DFFF38A50411DB9C8B /* Products */,
			);
			name = ECFoundation;
			sourceTree = "<group>";
			usesTabs = 1;
		};
		0867D69AFE84028FC02AAC07 /* Frameworks */ = {
			isa = PBXGroup;
			children = (
				2204C5EC15E1536200F71E15 /* ECCore.framework */,
				2204C5ED15E1536200F71E15 /* ECLogging.framework */,
				2251BBAD15DC1B4E00F2FE40 /* ECConfig.framework */,
				2251BBA615DC18ED00F2FE40 /* ECUnitTests.framework */,
				223CBAE11205C5930008A641 /* iOS */,
				1058C7B0FEA5585E11CA2CBB /* MacOS */,
				1058C7B2FEA5585E11CA2CBB /* Testing */,
				2283A3BB14F52E93009142F7 /* Cocoa.framework */,
				2283A3CD14F52E93009142F7 /* SenTestingKit.framework */,
				2237ECE314F5644C00085BF5 /* Foundation.framework */,
				2274B38F14F56896003B8A0B /* UIKit.framework */,
				2251BA1315DBCC4A00F2FE40 /* CoreFoundation.framework */,
				2283A3BD14F52E93009142F7 /* Other Frameworks */,
			);
			name = Frameworks;
			sourceTree = "<group>";
		};
		1058C7B0FEA5585E11CA2CBB /* MacOS */ = {
			isa = PBXGroup;
			children = (
				2260223A141F8A4E0044644C /* libcrypto.dylib */,
				22602238141F8A460044644C /* Security.framework */,
				22602236141F8A230044644C /* IOKit.framework */,
				22602234141F8A160044644C /* Carbon.framework */,
				2229674F1354EDC5005F42E7 /* CoreFoundation.framework */,
				22EC40A61358A0D1005C1F1A /* SystemConfiguration.framework */,
				22552C12134BA18A00B8894E /* CoreLocation.framework */,
				22FAC46C132149E900103630 /* CoreLocation.framework */,
				0867D69BFE84028FC02AAC07 /* Foundation.framework */,
				1058C7B1FEA5585E11CA2CBB /* Cocoa.framework */,
			);
			name = MacOS;
			sourceTree = "<group>";
		};
		1058C7B2FEA5585E11CA2CBB /* Testing */ = {
			isa = PBXGroup;
			children = (
				227333B811EBBA3000695FB4 /* GHUnit.framework */,
			);
			name = Testing;
			sourceTree = "<group>";
		};
		2229E54F175CF4A6001ADD91 /* Backends requiring SDKs */ = {
			isa = PBXGroup;
			children = (
				2229E551175CF4C8001ADD91 /* ECAnalyticsBackEndCrashlytics.h */,
				2229E552175CF4C8001ADD91 /* ECAnalyticsBackEndCrashlytics.m */,
				2229E553175CF4C8001ADD91 /* ECAnalyticsBackEndFlurry.h */,
				2229E554175CF4C8001ADD91 /* ECAnalyticsBackEndFlurry.m */,
				2229E555175CF4C8001ADD91 /* ECAnalyticsBackEndTestflight.h */,
				2229E550175CF4C8001ADD91 /* ECAnalyticsBackEndTestflight.m */,
				2229E556175CF4C8001ADD91 /* ECAnalyticsBackEndWebtrends.h */,
				2229E557175CF4C8001ADD91 /* ECAnalyticsBackEndWebtrends.m */,
			);
			name = "Backends requiring SDKs";
			sourceTree = "<group>";
		};
		223CBAE11205C5930008A641 /* iOS */ = {
			isa = PBXGroup;
			children = (
				22BE51351496BD25007CC214 /* QuartzCore.framework */,
				22BE51331496BD00007CC214 /* CoreData.framework */,
				22BE50B8149662D0007CC214 /* CoreText.framework */,
				22552BC7134B9E5300B8894E /* UIKit.framework */,
				22552BC9134B9E5300B8894E /* Foundation.framework */,
				22552BCB134B9E5300B8894E /* CoreGraphics.framework */,
				22552BE6134BA0C900B8894E /* CoreLocation.framework */,
				223CBAE61205C6380008A641 /* Foundation.framework */,
			);
			name = iOS;
			sourceTree = "<group>";
		};
		224CA8E91792CB54007369FA /* Tests */ = {
			isa = PBXGroup;
			children = (
				224CA8EA1792CB54007369FA /* ECAnalyticsTests.m */,
			);
			path = Tests;
			sourceTree = "<group>";
		};
		2251BA4215DBCD3900F2FE40 /* Configuration */ = {
			isa = PBXGroup;
			children = (
				2251BA4315DBCD3900F2FE40 /* IOSDebug.xcconfig */,
				2251BA4415DBCD3900F2FE40 /* IOSRelease.xcconfig */,
				2251BA5C15DBD68500F2FE40 /* IOSUnitTestDebug.xcconfig */,
				2251BA5D15DBD68500F2FE40 /* IOSUnitTestRelease.xcconfig */,
			);
			path = Configuration;
			sourceTree = "<group>";
		};
		2274B37714F56679003B8A0B /* Resources */ = {
			isa = PBXGroup;
			children = (
				2251BA6C15DBDA5100F2FE40 /* Info.plist */,
				2274B37814F56679003B8A0B /* ECAnalyticsTests.plist */,
			);
			path = Resources;
			sourceTree = "<group>";
		};
		2283A3BD14F52E93009142F7 /* Other Frameworks */ = {
			isa = PBXGroup;
			children = (
				2283A3BE14F52E93009142F7 /* AppKit.framework */,
				2283A3BF14F52E93009142F7 /* CoreData.framework */,
				2283A3C014F52E93009142F7 /* Foundation.framework */,
			);
			name = "Other Frameworks";
			sourceTree = "<group>";
		};
		2283A45514F53BCC009142F7 /* iOS */ = {
			isa = PBXGroup;
			children = (
				2229E53D175CE5B7001ADD91 /* ECAnalytics.h */,
				2204C76115E27E5600F71E15 /* ECAnalyticsBackEnd.h */,
				2204C76215E27E5600F71E15 /* ECAnalyticsBackEnd.m */,
				2204C76715E27E5600F71E15 /* ECAnalyticsBackEndLogging.h */,
				2204C76815E27E5600F71E15 /* ECAnalyticsBackEndLogging.m */,
				2204C76915E27E5600F71E15 /* ECAnalyticsBackEndNull.h */,
				2204C76A15E27E5600F71E15 /* ECAnalyticsBackEndNull.m */,
				2204C76F15E27E5600F71E15 /* ECAnalyticsEngine.h */,
				2204C77015E27E5600F71E15 /* ECAnalyticsEngine.m */,
				2204C77115E27E5600F71E15 /* ECAnalyticsEvent.h */,
				2204C77215E27E5600F71E15 /* ECAnalyticsEvent.m */,
				2204C77315E27E5600F71E15 /* ECAnalyticsEventTarget.h */,
				2204C77415E27E5600F71E15 /* ECAnalyticsLogging.h */,
				2204C77515E27E5600F71E15 /* ECAnalyticsLogging.m */,
				2204C77615E27E5600F71E15 /* ECAnalyticsStandardKeys.h */,
				2204C77715E27E5600F71E15 /* ECAnalyticsStandardKeys.m */,
				2229E54F175CF4A6001ADD91 /* Backends requiring SDKs */,
			);
			path = iOS;
			sourceTree = "<group>";
		};
		2283A4C814F53C6F009142F7 /* Prefix */ = {
			isa = PBXGroup;
			children = (
				22970D3C14F5AA80007B254B /* ECAnalyticsDebug.pch */,
				22970D3D14F5AA80007B254B /* ECAnalyticsRelease.pch */,
				2283A4CB14F53C6F009142F7 /* ECAnalyticsShared.pch */,
			);
			path = Prefix;
			sourceTree = "<group>";
		};
		22BBB10114F646D20086974D /* Source */ = {
			isa = PBXGroup;
			children = (
				2251BA4215DBCD3900F2FE40 /* Configuration */,
				2283A45514F53BCC009142F7 /* iOS */,
				2283A4C814F53C6F009142F7 /* Prefix */,
				224CA8E91792CB54007369FA /* Tests */,
			);
			path = Source;
			sourceTree = "<group>";
		};
/* End PBXGroup section */

/* Begin PBXHeadersBuildPhase section */
		2251BA7A15DBDC2100F2FE40 /* Headers */ = {
			isa = PBXHeadersBuildPhase;
			buildActionMask = 2147483647;
			files = (
				2204C77815E27E5600F71E15 /* ECAnalyticsBackEnd.h in Headers */,
				2204C77E15E27E5600F71E15 /* ECAnalyticsBackEndLogging.h in Headers */,
				2204C78015E27E5600F71E15 /* ECAnalyticsBackEndNull.h in Headers */,
				2204C78615E27E5600F71E15 /* ECAnalyticsEngine.h in Headers */,
				2204C78815E27E5600F71E15 /* ECAnalyticsEvent.h in Headers */,
				2204C78A15E27E5600F71E15 /* ECAnalyticsEventTarget.h in Headers */,
				2204C78B15E27E5600F71E15 /* ECAnalyticsLogging.h in Headers */,
				2204C78D15E27E5600F71E15 /* ECAnalyticsStandardKeys.h in Headers */,
				2229E53E175CE5B7001ADD91 /* ECAnalytics.h in Headers */,
			);
			runOnlyForDeploymentPostprocessing = 0;
		};
/* End PBXHeadersBuildPhase section */

/* Begin PBXNativeTarget section */
		2251BA1115DBCC4A00F2FE40 /* ECAnalyticsIOS */ = {
			isa = PBXNativeTarget;
			buildConfigurationList = 2251BA1C15DBCC4A00F2FE40 /* Build configuration list for PBXNativeTarget "ECAnalyticsIOS" */;
			buildPhases = (
				2251BA0E15DBCC4A00F2FE40 /* Sources */,
				2251BA7A15DBDC2100F2FE40 /* Headers */,
				2251BA0F15DBCC4A00F2FE40 /* Frameworks */,
				2251BA1015DBCC4A00F2FE40 /* Resources */,
				2251BA7815DBDBE300F2FE40 /* ShellScript */,
			);
			buildRules = (
			);
			dependencies = (
			);
			name = ECAnalyticsIOS;
			productName = "iOS Bundle";
			productReference = 2251BA1215DBCC4A00F2FE40 /* ECAnalytics.framework */;
			productType = "com.apple.product-type.bundle";
		};
		2274B38C14F56896003B8A0B /* ECAnalyticsIOSTests */ = {
			isa = PBXNativeTarget;
			buildConfigurationList = 2274B3A114F56896003B8A0B /* Build configuration list for PBXNativeTarget "ECAnalyticsIOSTests" */;
			buildPhases = (
				2274B38814F56896003B8A0B /* Sources */,
				2274B38914F56896003B8A0B /* Frameworks */,
				2274B38A14F56896003B8A0B /* Resources */,
				2274B38B14F56896003B8A0B /* ShellScript */,
			);
			buildRules = (
			);
			dependencies = (
			);
			name = ECAnalyticsIOSTests;
			productName = blahTests;
			productReference = 2274B38D14F56896003B8A0B /* ECAnalyticsIOSTests.xctest */;
			productType = "com.apple.product-type.bundle";
		};
/* End PBXNativeTarget section */

/* Begin PBXProject section */
		0867D690FE84028FC02AAC07 /* Project object */ = {
			isa = PBXProject;
			attributes = {
				LastUpgradeCheck = 0500;
				ORGANIZATIONNAME = "Elegant Chaos";
			};
			buildConfigurationList = 1DEB91B108733DA50010E9CD /* Build configuration list for PBXProject "ECAnalytics" */;
			compatibilityVersion = "Xcode 3.2";
			developmentRegion = English;
			hasScannedForEncodings = 1;
			knownRegions = (
				English,
				Japanese,
				French,
				German,
				en,
				ec,
			);
			mainGroup = 0867D691FE84028FC02AAC07 /* ECFoundation */;
			productRefGroup = 034768DFFF38A50411DB9C8B /* Products */;
			projectDirPath = "";
			projectRoot = "";
			targets = (
				2251BA1115DBCC4A00F2FE40 /* ECAnalyticsIOS */,
				2274B38C14F56896003B8A0B /* ECAnalyticsIOSTests */,
			);
		};
/* End PBXProject section */

/* Begin PBXResourcesBuildPhase section */
		2251BA1015DBCC4A00F2FE40 /* Resources */ = {
			isa = PBXResourcesBuildPhase;
			buildActionMask = 2147483647;
			files = (
			);
			runOnlyForDeploymentPostprocessing = 0;
		};
		2274B38A14F56896003B8A0B /* Resources */ = {
			isa = PBXResourcesBuildPhase;
			buildActionMask = 2147483647;
			files = (
			);
			runOnlyForDeploymentPostprocessing = 0;
		};
/* End PBXResourcesBuildPhase section */

/* Begin PBXShellScriptBuildPhase section */
		2251BA7815DBDBE300F2FE40 /* ShellScript */ = {
			isa = PBXShellScriptBuildPhase;
			buildActionMask = 2147483647;
			files = (
			);
			inputPaths = (
			);
			outputPaths = (
			);
			runOnlyForDeploymentPostprocessing = 0;
			shellPath = /bin/sh;
			shellScript = "\"${ECLOGGING_SCRIPTS_PATH}/package-pseudo-framework.sh\"";
			showEnvVarsInLog = 0;
		};
		2274B38B14F56896003B8A0B /* ShellScript */ = {
			isa = PBXShellScriptBuildPhase;
			buildActionMask = 2147483647;
			files = (
			);
			inputPaths = (
			);
			outputPaths = (
			);
			runOnlyForDeploymentPostprocessing = 0;
			shellPath = /bin/sh;
			shellScript = "# Run the unit tests in this test bundle.\n\"${SYSTEM_DEVELOPER_DIR}/Tools/RunUnitTests\"\n";
			showEnvVarsInLog = 0;
		};
/* End PBXShellScriptBuildPhase section */

/* Begin PBXSourcesBuildPhase section */
		2251BA0E15DBCC4A00F2FE40 /* Sources */ = {
			isa = PBXSourcesBuildPhase;
			buildActionMask = 2147483647;
			files = (
				2204C77915E27E5600F71E15 /* ECAnalyticsBackEnd.m in Sources */,
				2204C77F15E27E5600F71E15 /* ECAnalyticsBackEndLogging.m in Sources */,
				2204C78115E27E5600F71E15 /* ECAnalyticsBackEndNull.m in Sources */,
				2204C78715E27E5600F71E15 /* ECAnalyticsEngine.m in Sources */,
				2204C78915E27E5600F71E15 /* ECAnalyticsEvent.m in Sources */,
				2204C78C15E27E5600F71E15 /* ECAnalyticsLogging.m in Sources */,
				2204C78E15E27E5600F71E15 /* ECAnalyticsStandardKeys.m in Sources */,
			);
			runOnlyForDeploymentPostprocessing = 0;
		};
		2274B38814F56896003B8A0B /* Sources */ = {
			isa = PBXSourcesBuildPhase;
			buildActionMask = 2147483647;
			files = (
				224CA8EB1792CB54007369FA /* ECAnalyticsTests.m in Sources */,
			);
			runOnlyForDeploymentPostprocessing = 0;
		};
/* End PBXSourcesBuildPhase section */

/* Begin XCBuildConfiguration section */
		1DEB91B208733DA50010E9CD /* Debug */ = {
			isa = XCBuildConfiguration;
			buildSettings = {
			};
			name = Debug;
		};
		1DEB91B308733DA50010E9CD /* Release */ = {
			isa = XCBuildConfiguration;
			buildSettings = {
			};
			name = Release;
		};
		2251BA1D15DBCC4A00F2FE40 /* Debug */ = {
			isa = XCBuildConfiguration;
			baseConfigurationReference = 2251BA4315DBCD3900F2FE40 /* IOSDebug.xcconfig */;
			buildSettings = {
			};
			name = Debug;
		};
		2251BA1E15DBCC4A00F2FE40 /* Release */ = {
			isa = XCBuildConfiguration;
			baseConfigurationReference = 2251BA4415DBCD3900F2FE40 /* IOSRelease.xcconfig */;
			buildSettings = {
			};
			name = Release;
		};
		2274B3A214F56896003B8A0B /* Debug */ = {
			isa = XCBuildConfiguration;
			baseConfigurationReference = 2251BA5C15DBD68500F2FE40 /* IOSUnitTestDebug.xcconfig */;
			buildSettings = {
				INFOPLIST_FILE = Resources/ECAnalyticsTests.plist;
			};
			name = Debug;
		};
		2274B3A314F56896003B8A0B /* Release */ = {
			isa = XCBuildConfiguration;
			baseConfigurationReference = 2251BA5D15DBD68500F2FE40 /* IOSUnitTestRelease.xcconfig */;
			buildSettings = {
				INFOPLIST_FILE = Resources/ECAnalyticsTests.plist;
			};
			name = Release;
		};
/* End XCBuildConfiguration section */

/* Begin XCConfigurationList section */
		1DEB91B108733DA50010E9CD /* Build configuration list for PBXProject "ECAnalytics" */ = {
			isa = XCConfigurationList;
			buildConfigurations = (
				1DEB91B208733DA50010E9CD /* Debug */,
				1DEB91B308733DA50010E9CD /* Release */,
			);
			defaultConfigurationIsVisible = 0;
			defaultConfigurationName = Debug;
		};
		2251BA1C15DBCC4A00F2FE40 /* Build configuration list for PBXNativeTarget "ECAnalyticsIOS" */ = {
			isa = XCConfigurationList;
			buildConfigurations = (
				2251BA1D15DBCC4A00F2FE40 /* Debug */,
				2251BA1E15DBCC4A00F2FE40 /* Release */,
			);
			defaultConfigurationIsVisible = 0;
			defaultConfigurationName = Debug;
		};
		2274B3A114F56896003B8A0B /* Build configuration list for PBXNativeTarget "ECAnalyticsIOSTests" */ = {
			isa = XCConfigurationList;
			buildConfigurations = (
				2274B3A214F56896003B8A0B /* Debug */,
				2274B3A314F56896003B8A0B /* Release */,
			);
			defaultConfigurationIsVisible = 0;
			defaultConfigurationName = Debug;
		};
/* End XCConfigurationList section */
	};
	rootObject = 0867D690FE84028FC02AAC07 /* Project object */;
}
